{
  "originHash" : "d722c80e8ad7acaec72d3738695a66f0bcab79d2b0b9953ce0a45a53f77c226c",
  "pins" : [
    {
      "identity" : "capacitor-swift-pm",
      "kind" : "remoteSourceControl",
      "location" : "https://github.com/ionic-team/capacitor-swift-pm.git",
      "state" : {
        "revision" : "6a2a3feb25fda8df2a284d0818bc9c83e57a7d56",
        "version" : "8.3.0"
      }
    },
    {
      "identity" : "purchases-hybrid-common",
      "kind" : "remoteSourceControl",
      "location" : "https://github.com/RevenueCat/purchases-hybrid-common.git",
      "state" : {
        "revision" : "aaefa0d667d225e51e13c0e3b3e13c3026f0254a",
        "version" : "18.7.0"
      }
    },
    {
      "identity" : "purchases-ios-spm",
      "kind" : "remoteSourceControl",
      "location" : "https://github.com/RevenueCat/purchases-ios-spm",
      "state" : {
        "revision" : "6b95744e70f1edc43f89f2b522b0832ddfdd41a1",
        "version" : "5.73.0"
      }
    }
  ],
  "version" : 3
}
